
Microsoft Visual Studio Solution File, Format Version 12.00
# Visual Studio 14
VisualStudioVersion = 14.0.24720.0
MinimumVisualStudioVersion = 10.0.40219.1
Project("{FAE04EC0-301F-11D3-BF4B-00C04F79EFBC}") = "PersonalNotesManager", "PersonalNotesManager\PersonalNotesManager.csproj", "{EAF28067-155A-4453-9D42-02F982788AEE}"
EndProject
Global
	GlobalSection(SolutionConfigurationPlatforms) = preSolution
		Debug|Any CPU = Debug|Any CPU
		Release|Any CPU = Release|Any CPU
	EndGlobalSection
	GlobalSection(ProjectConfigurationPlatforms) = postSolution
		{EAF28067-155A-4453-9D42-02F982788AEE}.Debug|Any CPU.ActiveCfg = Debug|Any CPU
		{EAF28067-155A-4453-9D42-02F982788AEE}.Debug|Any CPU.Build.0 = Debug|Any CPU
		{EAF28067-155A-4453-9D42-02F982788AEE}.Release|Any CPU.ActiveCfg = Release|Any CPU
		{EAF28067-155A-4453-9D42-02F982788AEE}.Release|Any CPU.Build.0 = Release|Any CPU
	EndGlobalSection
	GlobalSection(SolutionProperties) = preSolution
		HideSolutionNode = FALSE
	EndGlobalSection
EndGlobal
